
Microsoft Visual Studio Solution File, Format Version 12.00
# Visual Studio 15
VisualStudioVersion = 15.0.26730.10
MinimumVisualStudioVersion = 10.0.40219.1
Project("{8BC9CEB8-8B4A-11D0-8D11-00A0C91BC942}") = "YobaMan", "YobaMan\YobaMan.vcxproj", "{81BA35AD-2B25-485E-B7D8-28555830C337}"
EndProject
Global
	GlobalSection(SolutionConfigurationPlatforms) = preSolution
		Debug|x64 = Debug|x64
		Debug|x86 = Debug|x86
		Release|x64 = Release|x64
		Release|x86 = Release|x86
	EndGlobalSection
	GlobalSection(ProjectConfigurationPlatforms) = postSolution
		{81BA35AD-2B25-485E-B7D8-28555830C337}.Debug|x64.ActiveCfg = Debug|x64
		{81BA35AD-2B25-485E-B7D8-28555830C337}.Debug|x64.Build.0 = Debug|x64
		{81BA35AD-2B25-485E-B7D8-28555830C337}.Debug|x86.ActiveCfg = Debug|Win32
		{81BA35AD-2B25-485E-B7D8-28555830C337}.Debug|x86.Build.0 = Debug|Win32
		{81BA35AD-2B25-485E-B7D8-28555830C337}.Release|x64.ActiveCfg = Release|x64
		{81BA35AD-2B25-485E-B7D8-28555830C337}.Release|x64.Build.0 = Release|x64
		{81BA35AD-2B25-485E-B7D8-28555830C337}.Release|x86.ActiveCfg = Release|Win32
		{81BA35AD-2B25-485E-B7D8-28555830C337}.Release|x86.Build.0 = Release|Win32
	EndGlobalSection
	GlobalSection(SolutionProperties) = preSolution
		HideSolutionNode = FALSE
	EndGlobalSection
	GlobalSection(ExtensibilityGlobals) = postSolution
		SolutionGuid = {110F8302-223E-46ED-9A88-536761AE6823}
	EndGlobalSection
EndGlobal
